// !$*UTF8*$!
{
	archiveVersion = 1;
	classes = {
	};
	objectVersion = 50;
	objects = {

/* Begin PBXBuildFile section */
		883FD7C825A5B60C0088DE8A /* athleticsApp.swift in Sources */ = {isa = PBXBuildFile; fileRef = 883FD7C725A5B60C0088DE8A /* athleticsApp.swift */; };
		883FD7CA25A5B60C0088DE8A /* ContentView.swift in Sources */ = {isa = PBXBuildFile; fileRef = 883FD7C925A5B60C0088DE8A /* ContentView.swift */; };
		883FD7CC25A5B60D0088DE8A /* Assets.xcassets in Resources */ = {isa = PBXBuildFile; fileRef = 883FD7CB25A5B60D0088DE8A /* Assets.xcassets */; };
		883FD7CF25A5B60D0088DE8A /* Preview Assets.xcassets in Resources */ = {isa = PBXBuildFile; fileRef = 883FD7CE25A5B60D0088DE8A /* Preview Assets.xcassets */; };
		883FD7DA25A5B60E0088DE8A /* athleticsTests.swift in Sources */ = {isa = PBXBuildFile; fileRef = 883FD7D925A5B60E0088DE8A /* athleticsTests.swift */; };
		883FD7E525A5B60E0088DE8A /* athleticsUITests.swift in Sources */ = {isa = PBXBuildFile; fileRef = 883FD7E425A5B60E0088DE8A /* athleticsUITests.swift */; };
/* End PBXBuildFile section */

/* Begin PBXContainerItemProxy section */
		883FD7D625A5B60E0088DE8A /* PBXContainerItemProxy */ = {
			isa = PBXContainerItemProxy;
			containerPortal = 883FD7BC25A5B60C0088DE8A /* Project object */;
			proxyType = 1;
			remoteGlobalIDString = 883FD7C325A5B60C0088DE8A;
			remoteInfo = athletics;
		};
		883FD7E125A5B60E0088DE8A /* PBXContainerItemProxy */ = {
			isa = PBXContainerItemProxy;
			containerPortal = 883FD7BC25A5B60C0088DE8A /* Project object */;
			proxyType = 1;
			remoteGlobalIDString = 883FD7C325A5B60C0088DE8A;
			remoteInfo = athletics;
		};
/* End PBXContainerItemProxy section */

/* Begin PBXFileReference section */
		883FD7C425A5B60C0088DE8A /* athletics.app */ = {isa = PBXFileReference; explicitFileType = wrapper.application; includeInIndex = 0; path = athletics.app; sourceTree = BUILT_PRODUCTS_DIR; };
		883FD7C725A5B60C0088DE8A /* athleticsApp.swift */ = {isa = PBXFileReference; lastKnownFileType = sourcecode.swift; path = athleticsApp.swift; sourceTree = "<group>"; };
		883FD7C925A5B60C0088DE8A /* ContentView.swift */ = {isa = PBXFileReference; lastKnownFileType = sourcecode.swift; path = ContentView.swift; sourceTree = "<group>"; };
		883FD7CB25A5B60D0088DE8A /* Assets.xcassets */ = {isa = PBXFileReference; lastKnownFileType = folder.assetcatalog; path = Assets.xcassets; sourceTree = "<group>"; };
		883FD7CE25A5B60D0088DE8A /* Preview Assets.xcassets */ = {isa = PBXFileReference; lastKnownFileType = folder.assetcatalog; path = "Preview Assets.xcassets"; sourceTree = "<group>"; };
		883FD7D025A5B60D0088DE8A /* Info.plist */ = {isa = PBXFileReference; lastKnownFileType = text.plist.xml; path = Info.plist; sourceTree = "<group>"; };
		883FD7D525A5B60E0088DE8A /* athleticsTests.xctest */ = {isa = PBXFileReference; explicitFileType = wrapper.cfbundle; includeInIndex = 0; path = athleticsTests.xctest; sourceTree = BUILT_PRODUCTS_DIR; };
		883FD7D925A5B60E0088DE8A /* athleticsTests.swift */ = {isa = PBXFileReference; lastKnownFileType = sourcecode.swift; path = athleticsTests.swift; sourceTree = "<group>"; };
		883FD7DB25A5B60E0088DE8A /* Info.plist */ = {isa = PBXFileReference; lastKnownFileType = text.plist.xml; path = Info.plist; sourceTree = "<group>"; };
		883FD7E025A5B60E0088DE8A /* athleticsUITests.xctest */ = {isa = PBXFileReference; explicitFileType = wrapper.cfbundle; includeInIndex = 0; path = athleticsUITests.xctest; sourceTree = BUILT_PRODUCTS_DIR; };
		883FD7E425A5B60E0088DE8A /* athleticsUITests.swift */ = {isa = PBXFileReference; lastKnownFileType = sourcecode.swift; path = athleticsUITests.swift; sourceTree = "<group>"; };
		883FD7E625A5B60E0088DE8A /* Info.plist */ = {isa = PBXFileReference; lastKnownFileType = text.plist.xml; path = Info.plist; sourceTree = "<group>"; };
/* End PBXFileReference section */

/* Begin PBXFrameworksBuildPhase section */
		883FD7C125A5B60C0088DE8A /* Frameworks */ = {
			isa = PBXFrameworksBuildPhase;
			buildActionMask = 2147483647;
			files = (
			);
			runOnlyForDeploymentPostprocessing = 0;
		};
		883FD7D225A5B60E0088DE8A /* Frameworks */ = {
			isa = PBXFrameworksBuildPhase;
			buildActionMask = 2147483647;
			files = (
			);
			runOnlyForDeploymentPostprocessing = 0;
		};
		883FD7DD25A5B60E0088DE8A /* Frameworks */ = {
			isa = PBXFrameworksBuildPhase;
			buildActionMask = 2147483647;
			files = (
			);
			runOnlyForDeploymentPostprocessing = 0;
		};
/* End PBXFrameworksBuildPhase section */

/* Begin PBXGroup section */
		883FD7BB25A5B60C0088DE8A = {
			isa = PBXGroup;
			children = (
				883FD7C625A5B60C0088DE8A /* athletics */,
				883FD7D825A5B60E0088DE8A /* athleticsTests */,
				883FD7E325A5B60E0088DE8A /* athleticsUITests */,
				883FD7C525A5B60C0088DE8A /* Products */,
			);
			sourceTree = "<group>";
		};
		883FD7C525A5B60C0088DE8A /* Products */ = {
			isa = PBXGroup;
			children = (
				883FD7C425A5B60C0088DE8A /* athletics.app */,
				883FD7D525A5B60E0088DE8A /* athleticsTests.xctest */,
				883FD7E025A5B60E0088DE8A /* athleticsUITests.xctest */,
			);
			name = Products;
			sourceTree = "<group>";
		};
		883FD7C625A5B60C0088DE8A /* athletics */ = {
			isa = PBXGroup;
			children = (
				883FD7C725A5B60C0088DE8A /* athleticsApp.swift */,
				883FD7C925A5B60C0088DE8A /* ContentView.swift */,
				883FD7CB25A5B60D0088DE8A /* Assets.xcassets */,
				883FD7D025A5B60D0088DE8A /* Info.plist */,
				883FD7CD25A5B60D0088DE8A /* Preview Content */,
			);
			path = athletics;
			sourceTree = "<group>";
		};
		883FD7CD25A5B60D0088DE8A /* Preview Content */ = {
			isa = PBXGroup;
			children = (
				883FD7CE25A5B60D0088DE8A /* Preview Assets.xcassets */,
			);
			path = "Preview Content";
			sourceTree = "<group>";
		};
		883FD7D825A5B60E0088DE8A /* athleticsTests */ = {
			isa = PBXGroup;
			children = (
				883FD7D925A5B60E0088DE8A /* athleticsTests.swift */,
				883FD7DB25A5B60E0088DE8A /* Info.plist */,
			);
			path = athleticsTests;
			sourceTree = "<group>";
		};
		883FD7E325A5B60E0088DE8A /* athleticsUITests */ = {
			isa = PBXGroup;
			children = (
				883FD7E425A5B60E0088DE8A /* athleticsUITests.swift */,
				883FD7E625A5B60E0088DE8A /* Info.plist */,
			);
			path = athleticsUITests;
			sourceTree = "<group>";
		};
/* End PBXGroup section */

/* Begin PBXNativeTarget section */
		883FD7C325A5B60C0088DE8A /* athletics */ = {
			isa = PBXNativeTarget;
			buildConfigurationList = 883FD7E925A5B60E0088DE8A /* Build configuration list for PBXNativeTarget "athletics" */;
			buildPhases = (
				883FD7C025A5B60C0088DE8A /* Sources */,
				883FD7C125A5B60C0088DE8A /* Frameworks */,
				883FD7C225A5B60C0088DE8A /* Resources */,
			);
			buildRules = (
			);
			dependencies = (
			);
			name = athletics;
			productName = athletics;
			productReference = 883FD7C425A5B60C0088DE8A /* athletics.app */;
			productType = "com.apple.product-type.application";
		};
		883FD7D425A5B60E0088DE8A /* athleticsTests */ = {
			isa = PBXNativeTarget;
			buildConfigurationList = 883FD7EC25A5B60E0088DE8A /* Build configuration list for PBXNativeTarget "athleticsTests" */;
			buildPhases = (
				883FD7D125A5B60E0088DE8A /* Sources */,
				883FD7D225A5B60E0088DE8A /* Frameworks */,
				883FD7D325A5B60E0088DE8A /* Resources */,
			);
			buildRules = (
			);
			dependencies = (
				883FD7D725A5B60E0088DE8A /* PBXTargetDependency */,
			);
			name = athleticsTests;
			productName = athleticsTests;
			productReference = 883FD7D525A5B60E0088DE8A /* athleticsTests.xctest */;
			productType = "com.apple.product-type.bundle.unit-test";
		};
		883FD7DF25A5B60E0088DE8A /* athleticsUITests */ = {
			isa = PBXNativeTarget;
			buildConfigurationList = 883FD7EF25A5B60E0088DE8A /* Build configuration list for PBXNativeTarget "athleticsUITests" */;
			buildPhases = (
				883FD7DC25A5B60E0088DE8A /* Sources */,
				883FD7DD25A5B60E0088DE8A /* Frameworks */,
				883FD7DE25A5B60E0088DE8A /* Resources */,
			);
			buildRules = (
			);
			dependencies = (
				883FD7E225A5B60E0088DE8A /* PBXTargetDependency */,
			);
			name = athleticsUITests;
			productName = athleticsUITests;
			productReference = 883FD7E025A5B60E0088DE8A /* athleticsUITests.xctest */;
			productType = "com.apple.product-type.bundle.ui-testing";
		};
/* End PBXNativeTarget section */

/* Begin PBXProject section */
		883FD7BC25A5B60C0088DE8A /* Project object */ = {
			isa = PBXProject;
			attributes = {
				LastSwiftUpdateCheck = 1230;
				LastUpgradeCheck = 1230;
				TargetAttributes = {
					883FD7C325A5B60C0088DE8A = {
						CreatedOnToolsVersion = 12.3;
					};
					883FD7D425A5B60E0088DE8A = {
						CreatedOnToolsVersion = 12.3;
						TestTargetID = 883FD7C325A5B60C0088DE8A;
					};
					883FD7DF25A5B60E0088DE8A = {
						CreatedOnToolsVersion = 12.3;
						TestTargetID = 883FD7C325A5B60C0088DE8A;
					};
				};
			};
			buildConfigurationList = 883FD7BF25A5B60C0088DE8A /* Build configuration list for PBXProject "athletics" */;
			compatibilityVersion = "Xcode 9.3";
			developmentRegion = en;
			hasScannedForEncodings = 0;
			knownRegions = (
				en,
				Base,
			);
			mainGroup = 883FD7BB25A5B60C0088DE8A;
			productRefGroup = 883FD7C525A5B60C0088DE8A /* Products */;
			projectDirPath = "";
			projectRoot = "";
			targets = (
				883FD7C325A5B60C0088DE8A /* athletics */,
				883FD7D425A5B60E0088DE8A /* athleticsTests */,
				883FD7DF25A5B60E0088DE8A /* athleticsUITests */,
			);
		};
/* End PBXProject section */

/* Begin PBXResourcesBuildPhase section */
		883FD7C225A5B60C0088DE8A /* Resources */ = {
			isa = PBXResourcesBuildPhase;
			buildActionMask = 2147483647;
			files = (
				883FD7CF25A5B60D0088DE8A /* Preview Assets.xcassets in Resources */,
				883FD7CC25A5B60D0088DE8A /* Assets.xcassets in Resources */,
			);
			runOnlyForDeploymentPostprocessing = 0;
		};
		883FD7D325A5B60E0088DE8A /* Resources */ = {
			isa = PBXResourcesBuildPhase;
			buildActionMask = 2147483647;
			files = (
			);
			runOnlyForDeploymentPostprocessing = 0;
		};
		883FD7DE25A5B60E0088DE8A /* Resources */ = {
			isa = PBXResourcesBuildPhase;
			buildActionMask = 2147483647;
			files = (
			);
			runOnlyForDeploymentPostprocessing = 0;
		};
/* End PBXResourcesBuildPhase section */

/* Begin PBXSourcesBuildPhase section */
		883FD7C025A5B60C0088DE8A /* Sources */ = {
			isa = PBXSourcesBuildPhase;
			buildActionMask = 2147483647;
			files = (
				883FD7CA25A5B60C0088DE8A /* ContentView.swift in Sources */,
				883FD7C825A5B60C0088DE8A /* athleticsApp.swift in Sources */,
			);
			runOnlyForDeploymentPostprocessing = 0;
		};
		883FD7D125A5B60E0088DE8A /* Sources */ = {
			isa = PBXSourcesBuildPhase;
			buildActionMask = 2147483647;
			files = (
				883FD7DA25A5B60E0088DE8A /* athleticsTests.swift in Sources */,
			);
			runOnlyForDeploymentPostprocessing = 0;
		};
		883FD7DC25A5B60E0088DE8A /* Sources */ = {
			isa = PBXSourcesBuildPhase;
			buildActionMask = 2147483647;
			files = (
				883FD7E525A5B60E0088DE8A /* athleticsUITests.swift in Sources */,
			);
			runOnlyForDeploymentPostprocessing = 0;
		};
/* End PBXSourcesBuildPhase section */

/* Begin PBXTargetDependency section */
		883FD7D725A5B60E0088DE8A /* PBXTargetDependency */ = {
			isa = PBXTargetDependency;
			target = 883FD7C325A5B60C0088DE8A /* athletics */;
			targetProxy = 883FD7D625A5B60E0088DE8A /* PBXContainerItemProxy */;
		};
		883FD7E225A5B60E0088DE8A /* PBXTargetDependency */ = {
			isa = PBXTargetDependency;
			target = 883FD7C325A5B60C0088DE8A /* athletics */;
			targetProxy = 883FD7E125A5B60E0088DE8A /* PBXContainerItemProxy */;
		};
/* End PBXTargetDependency section */

/* Begin XCBuildConfiguration section */
		883FD7E725A5B60E0088DE8A /* Debug */ = {
			isa = XCBuildConfiguration;
			buildSettings = {
				ALWAYS_SEARCH_USER_PATHS = NO;
				CLANG_ANALYZER_NONNULL = YES;
				CLANG_ANALYZER_NUMBER_OBJECT_CONVERSION = YES_AGGRESSIVE;
				CLANG_CXX_LANGUAGE_STANDARD = "gnu++14";
				CLANG_CXX_LIBRARY = "libc++";
				CLANG_ENABLE_MODULES = YES;
				CLANG_ENABLE_OBJC_ARC = YES;
				CLANG_ENABLE_OBJC_WEAK = YES;
				CLANG_WARN_BLOCK_CAPTURE_AUTORELEASING = YES;
				CLANG_WARN_BOOL_CONVERSION = YES;
				CLANG_WARN_COMMA = YES;
				CLANG_WARN_CONSTANT_CONVERSION = YES;
				CLANG_WARN_DEPRECATED_OBJC_IMPLEMENTATIONS = YES;
				CLANG_WARN_DIRECT_OBJC_ISA_USAGE = YES_ERROR;
				CLANG_WARN_DOCUMENTATION_COMMENTS = YES;
				CLANG_WARN_EMPTY_BODY = YES;
				CLANG_WARN_ENUM_CONVERSION = YES;
				CLANG_WARN_INFINITE_RECURSION = YES;
				CLANG_WARN_INT_CONVERSION = YES;
				CLANG_WARN_NON_LITERAL_NULL_CONVERSION = YES;
				CLANG_WARN_OBJC_IMPLICIT_RETAIN_SELF = YES;
				CLANG_WARN_OBJC_LITERAL_CONVERSION = YES;
				CLANG_WARN_OBJC_ROOT_CLASS = YES_ERROR;
				CLANG_WARN_QUOTED_INCLUDE_IN_FRAMEWORK_HEADER = YES;
				CLANG_WARN_RANGE_LOOP_ANALYSIS = YES;
				CLANG_WARN_STRICT_PROTOTYPES = YES;
				CLANG_WARN_SUSPICIOUS_MOVE = YES;
				CLANG_WARN_UNGUARDED_AVAILABILITY = YES_AGGRESSIVE;
				CLANG_WARN_UNREACHABLE_CODE = YES;
				CLANG_WARN__DUPLICATE_METHOD_MATCH = YES;
				COPY_PHASE_STRIP = NO;
				DEBUG_INFORMATION_FORMAT = dwarf;
				ENABLE_STRICT_OBJC_MSGSEND = YES;
				ENABLE_TESTABILITY = YES;
				GCC_C_LANGUAGE_STANDARD = gnu11;
				GCC_DYNAMIC_NO_PIC = NO;
				GCC_NO_COMMON_BLOCKS = YES;
				GCC_OPTIMIZATION_LEVEL = 0;
				GCC_PREPROCESSOR_DEFINITIONS = (
					"DEBUG=1",
					"$(inherited)",
				);
				GCC_WARN_64_TO_32_BIT_CONVERSION = YES;
				GCC_WARN_ABOUT_RETURN_TYPE = YES_ERROR;
				GCC_WARN_UNDECLARED_SELECTOR = YES;
				GCC_WARN_UNINITIALIZED_AUTOS = YES_AGGRESSIVE;
				GCC_WARN_UNUSED_FUNCTION = YES;
				GCC_WARN_UNUSED_VARIABLE = YES;
				IPHONEOS_DEPLOYMENT_TARGET = 14.3;
				MTL_ENABLE_DEBUG_INFO = INCLUDE_SOURCE;
				MTL_FAST_MATH = YES;
				ONLY_ACTIVE_ARCH = YES;
				SDKROOT = iphoneos;
				SWIFT_ACTIVE_COMPILATION_CONDITIONS = DEBUG;
				SWIFT_OPTIMIZATION_LEVEL = "-Onone";
			};
			name = Debug;
		};
		883FD7E825A5B60E0088DE8A /* Release */ = {
			isa = XCBuildConfiguration;
			buildSettings = {
				ALWAYS_SEARCH_USER_PATHS = NO;
				CLANG_ANALYZER_NONNULL = YES;
				CLANG_ANALYZER_NUMBER_OBJECT_CONVERSION = YES_AGGRESSIVE;
				CLANG_CXX_LANGUAGE_STANDARD = "gnu++14";
				CLANG_CXX_LIBRARY = "libc++";
				CLANG_ENABLE_MODULES = YES;
				CLANG_ENABLE_OBJC_ARC = YES;
				CLANG_ENABLE_OBJC_WEAK = YES;
				CLANG_WARN_BLOCK_CAPTURE_AUTORELEASING = YES;
				CLANG_WARN_BOOL_CONVERSION = YES;
				CLANG_WARN_COMMA = YES;
				CLANG_WARN_CONSTANT_CONVERSION = YES;
				CLANG_WARN_DEPRECATED_OBJC_IMPLEMENTATIONS = YES;
				CLANG_WARN_DIRECT_OBJC_ISA_USAGE = YES_ERROR;
				CLANG_WARN_DOCUMENTATION_COMMENTS = YES;
				CLANG_WARN_EMPTY_BODY = YES;
				CLANG_WARN_ENUM_CONVERSION = YES;
				CLANG_WARN_INFINITE_RECURSION = YES;
				CLANG_WARN_INT_CONVERSION = YES;
				CLANG_WARN_NON_LITERAL_NULL_CONVERSION = YES;
				CLANG_WARN_OBJC_IMPLICIT_RETAIN_SELF = YES;
				CLANG_WARN_OBJC_LITERAL_CONVERSION = YES;
				CLANG_WARN_OBJC_ROOT_CLASS = YES_ERROR;
				CLANG_WARN_QUOTED_INCLUDE_IN_FRAMEWORK_HEADER = YES;
				CLANG_WARN_RANGE_LOOP_ANALYSIS = YES;
				CLANG_WARN_STRICT_PROTOTYPES = YES;
				CLANG_WARN_SUSPICIOUS_MOVE = YES;
				CLANG_WARN_UNGUARDED_AVAILABILITY = YES_AGGRESSIVE;
				CLANG_WARN_UNREACHABLE_CODE = YES;
				CLANG_WARN__DUPLICATE_METHOD_MATCH = YES;
				COPY_PHASE_STRIP = NO;
				DEBUG_INFORMATION_FORMAT = "dwarf-with-dsym";
				ENABLE_NS_ASSERTIONS = NO;
				ENABLE_STRICT_OBJC_MSGSEND = YES;
				GCC_C_LANGUAGE_STANDARD = gnu11;
				GCC_NO_COMMON_BLOCKS = YES;
				GCC_WARN_64_TO_32_BIT_CONVERSION = YES;
				GCC_WARN_ABOUT_RETURN_TYPE = YES_ERROR;
				GCC_WARN_UNDECLARED_SELECTOR = YES;
				GCC_WARN_UNINITIALIZED_AUTOS = YES_AGGRESSIVE;
				GCC_WARN_UNUSED_FUNCTION = YES;
				GCC_WARN_UNUSED_VARIABLE = YES;
				IPHONEOS_DEPLOYMENT_TARGET = 14.3;
				MTL_ENABLE_DEBUG_INFO = NO;
				MTL_FAST_MATH = YES;
				SDKROOT = iphoneos;
				SWIFT_COMPILATION_MODE = wholemodule;
				SWIFT_OPTIMIZATION_LEVEL = "-O";
				VALIDATE_PRODUCT = YES;
			};
			name = Release;
		};
		883FD7EA25A5B60E0088DE8A /* Debug */ = {
			isa = XCBuildConfiguration;
			buildSettings = {
				ASSETCATALOG_COMPILER_APPICON_NAME = AppIcon;
				ASSETCATALOG_COMPILER_GLOBAL_ACCENT_COLOR_NAME = AccentColor;
				CODE_SIGN_STYLE = Automatic;
				DEVELOPMENT_ASSET_PATHS = "\"athletics/Preview Content\"";
				ENABLE_PREVIEWS = YES;
				INFOPLIST_FILE = athletics/Info.plist;
				IPHONEOS_DEPLOYMENT_TARGET = 14.0;
				LD_RUNPATH_SEARCH_PATHS = (
					"$(inherited)",
					"@executable_path/Frameworks",
				);
				PRODUCT_BUNDLE_IDENTIFIER = abir.athletics;
				PRODUCT_NAME = "$(TARGET_NAME)";
				SWIFT_VERSION = 5.0;
				TARGETED_DEVICE_FAMILY = "1,2";
			};
			name = Debug;
		};
		883FD7EB25A5B60E0088DE8A /* Release */ = {
			isa = XCBuildConfiguration;
			buildSettings = {
				ASSETCATALOG_COMPILER_APPICON_NAME = AppIcon;
				ASSETCATALOG_COMPILER_GLOBAL_ACCENT_COLOR_NAME = AccentColor;
				CODE_SIGN_STYLE = Automatic;
				DEVELOPMENT_ASSET_PATHS = "\"athletics/Preview Content\"";
				ENABLE_PREVIEWS = YES;
				INFOPLIST_FILE = athletics/Info.plist;
				IPHONEOS_DEPLOYMENT_TARGET = 14.0;
				LD_RUNPATH_SEARCH_PATHS = (
					"$(inherited)",
					"@executable_path/Frameworks",
				);
				PRODUCT_BUNDLE_IDENTIFIER = abir.athletics;
				PRODUCT_NAME = "$(TARGET_NAME)";
				SWIFT_VERSION = 5.0;
				TARGETED_DEVICE_FAMILY = "1,2";
			};
			name = Release;
		};
		883FD7ED25A5B60E0088DE8A /* Debug */ = {
			isa = XCBuildConfiguration;
			buildSettings = {
				ALWAYS_EMBED_SWIFT_STANDARD_LIBRARIES = YES;
				BUNDLE_LOADER = "$(TEST_HOST)";
				CODE_SIGN_STYLE = Automatic;
				INFOPLIST_FILE = athleticsTests/Info.plist;
				IPHONEOS_DEPLOYMENT_TARGET = 14.0;
				LD_RUNPATH_SEARCH_PATHS = (
					"$(inherited)",
					"@executable_path/Frameworks",
					"@loader_path/Frameworks",
				);
				PRODUCT_BUNDLE_IDENTIFIER = abir.athleticsTests;
				PRODUCT_NAME = "$(TARGET_NAME)";
				SWIFT_VERSION = 5.0;
				TARGETED_DEVICE_FAMILY = "1,2";
				TEST_HOST = "$(BUILT_PRODUCTS_DIR)/athletics.app/athletics";
			};
			name = Debug;
		};
		883FD7EE25A5B60E0088DE8A /* Release */ = {
			isa = XCBuildConfiguration;
			buildSettings = {
				ALWAYS_EMBED_SWIFT_STANDARD_LIBRARIES = YES;
				BUNDLE_LOADER = "$(TEST_HOST)";
				CODE_SIGN_STYLE = Automatic;
				INFOPLIST_FILE = athleticsTests/Info.plist;
				IPHONEOS_DEPLOYMENT_TARGET = 14.0;
				LD_RUNPATH_SEARCH_PATHS = (
					"$(inherited)",
					"@executable_path/Frameworks",
					"@loader_path/Frameworks",
				);
				PRODUCT_BUNDLE_IDENTIFIER = abir.athleticsTests;
				PRODUCT_NAME = "$(TARGET_NAME)";
				SWIFT_VERSION = 5.0;
				TARGETED_DEVICE_FAMILY = "1,2";
				TEST_HOST = "$(BUILT_PRODUCTS_DIR)/athletics.app/athletics";
			};
			name = Release;
		};
		883FD7F025A5B60E0088DE8A /* Debug */ = {
			isa = XCBuildConfiguration;
			buildSettings = {
				ALWAYS_EMBED_SWIFT_STANDARD_LIBRARIES = YES;
				CODE_SIGN_STYLE = Automatic;
				INFOPLIST_FILE = athleticsUITests/Info.plist;
				LD_RUNPATH_SEARCH_PATHS = (
					"$(inherited)",
					"@executable_path/Frameworks",
					"@loader_path/Frameworks",
				);
				PRODUCT_BUNDLE_IDENTIFIER = abir.athleticsUITests;
				PRODUCT_NAME = "$(TARGET_NAME)";
				SWIFT_VERSION = 5.0;
				TARGETED_DEVICE_FAMILY = "1,2";
				TEST_TARGET_NAME = athletics;
			};
			name = Debug;
		};
		883FD7F125A5B60E0088DE8A /* Release */ = {
			isa = XCBuildConfiguration;
			buildSettings = {
				ALWAYS_EMBED_SWIFT_STANDARD_LIBRARIES = YES;
				CODE_SIGN_STYLE = Automatic;
				INFOPLIST_FILE = athleticsUITests/Info.plist;
				LD_RUNPATH_SEARCH_PATHS = (
					"$(inherited)",
					"@executable_path/Frameworks",
					"@loader_path/Frameworks",
				);
				PRODUCT_BUNDLE_IDENTIFIER = abir.athleticsUITests;
				PRODUCT_NAME = "$(TARGET_NAME)";
				SWIFT_VERSION = 5.0;
				TARGETED_DEVICE_FAMILY = "1,2";
				TEST_TARGET_NAME = athletics;
			};
			name = Release;
		};
/* End XCBuildConfiguration section */

/* Begin XCConfigurationList section */
		883FD7BF25A5B60C0088DE8A /* Build configuration list for PBXProject "athletics" */ = {
			isa = XCConfigurationList;
			buildConfigurations = (
				883FD7E725A5B60E0088DE8A /* Debug */,
				883FD7E825A5B60E0088DE8A /* Release */,
			);
			defaultConfigurationIsVisible = 0;
			defaultConfigurationName = Release;
		};
		883FD7E925A5B60E0088DE8A /* Build configuration list for PBXNativeTarget "athletics" */ = {
			isa = XCConfigurationList;
			buildConfigurations = (
				883FD7EA25A5B60E0088DE8A /* Debug */,
				883FD7EB25A5B60E0088DE8A /* Release */,
			);
			defaultConfigurationIsVisible = 0;
			defaultConfigurationName = Release;
		};
		883FD7EC25A5B60E0088DE8A /* Build configuration list for PBXNativeTarget "athleticsTests" */ = {
			isa = XCConfigurationList;
			buildConfigurations = (
				883FD7ED25A5B60E0088DE8A /* Debug */,
				883FD7EE25A5B60E0088DE8A /* Release */,
			);
			defaultConfigurationIsVisible = 0;
			defaultConfigurationName = Release;
		};
		883FD7EF25A5B60E0088DE8A /* Build configuration list for PBXNativeTarget "athleticsUITests" */ = {
			isa = XCConfigurationList;
			buildConfigurations = (
				883FD7F025A5B60E0088DE8A /* Debug */,
				883FD7F125A5B60E0088DE8A /* Release */,
			);
			defaultConfigurationIsVisible = 0;
			defaultConfigurationName = Release;
		};
/* End XCConfigurationList section */
	};
	rootObject = 883FD7BC25A5B60C0088DE8A /* Project object */;
}
